
Microsoft Visual Studio Solution File, Format Version 12.00
# Visual Studio Version 16
VisualStudioVersion = 16.0.28803.452
MinimumVisualStudioVersion = 10.0.40219.1
Project("{FAE04EC0-301F-11D3-BF4B-00C04F79EFBC}") = "ButtSaber", "ButtSaber.csproj", "{372B687C-3C21-484D-9F90-85488ADB62BB}"
EndProject
Global
	GlobalSection(SolutionConfigurationPlatforms) = preSolution
		Debug|Any CPU = Debug|Any CPU
		Release|Any CPU = Release|Any CPU
	EndGlobalSection
	GlobalSection(ProjectConfigurationPlatforms) = postSolution
		{372B687C-3C21-484D-9F90-85488ADB62BB}.Debug|Any CPU.ActiveCfg = Debug|Any CPU
		{372B687C-3C21-484D-9F90-85488ADB62BB}.Debug|Any CPU.Build.0 = Debug|Any CPU
		{372B687C-3C21-484D-9F90-85488ADB62BB}.Release|Any CPU.ActiveCfg = Release|Any CPU
		{372B687C-3C21-484D-9F90-85488ADB62BB}.Release|Any CPU.Build.0 = Release|Any CPU
	EndGlobalSection
	GlobalSection(SolutionProperties) = preSolution
		HideSolutionNode = FALSE
	EndGlobalSection
	GlobalSection(ExtensibilityGlobals) = postSolution
		SolutionGuid = {8EC9C75B-8919-4C32-A76D-F6AC705BEF44}
	EndGlobalSection
EndGlobal
